# This file is automatically @generated by Cargo.
# It is not intended for manual editing.
version = 4

[[package]]
name = "libc"
version = "0.2.182"
source = "registry+https://github.com/rust-lang/crates.io-index"
checksum = "6800badb6cb2082ffd7b6a67e6125bb39f18782f793520caee8cb8846be06112"

[[package]]
name = "no-std"
version = "0.1.0"
dependencies = [
 "libc",
]

[[package]]
name = "panic-abort"
version = "0.1.0"

[[package]]
name = "raw-syscall"
version = "0.1.0"

[[package]]
name = "tiny-alloc"
version = "0.1.0"
dependencies = [
 "libc",
]

[[package]]
name = "tiny-base64"
version = "0.1.0"
dependencies = [
 "libc",
]

[[package]]
name = "tiny-cat"
version = "0.1.0"
dependencies = [
 "libc",
]

[[package]]
name = "tiny-hash"
version = "0.1.0"
dependencies = [
 "libc",
]

[[package]]
name = "tiny-lb"
version = "0.1.0"
dependencies = [
 "libc",
]

[[package]]
name = "tiny-lb-sticky"
version = "0.1.0"
dependencies = [
 "libc",
]

[[package]]
name = "tiny-mmap"
version = "0.1.0"
dependencies = [
 "libc",
]

[[package]]
name = "tiny-multicall"
version = "0.1.0"
dependencies = [
 "libc",
]

[[package]]
name = "tiny-pipe"
version = "0.1.0"
dependencies = [
 "libc",
]

[[package]]
name = "tiny-portscan"
version = "0.1.0"
dependencies = [
 "libc",
]

[[package]]
name = "tiny-proxy"
version = "0.1.0"
dependencies = [
 "libc",
]

[[package]]
name = "tiny-random"
version = "0.1.0"
dependencies = [
 "libc",
]

[[package]]
name = "tiny-revproxy"
version = "0.1.0"
dependencies = [
 "libc",
]

[[package]]
name = "tiny-sandbox"
version = "0.1.0"
dependencies = [
 "libc",
]

[[package]]
name = "tiny-server"
version = "0.1.0"
dependencies = [
 "libc",
]

[[package]]
name = "tiny-sha256"
version = "0.1.0"
dependencies = [
 "libc",
]

[[package]]
name = "tiny-signal"
version = "0.1.0"
dependencies = [
 "libc",
]

[[package]]
name = "tiny-smtp"
version = "0.1.0"
dependencies = [
 "libc",
]

[[package]]
name = "tiny-udp-echo"
version = "0.1.0"
dependencies = [
 "libc",
]

[[package]]
name = "tiny-wc"
version = "0.1.0"
dependencies = [
 "libc",
]

[[package]]
name = "tiny-x11"
version = "0.1.0"
dependencies = [
 "libc",
]

[[package]]
name = "tiny-yes"
version = "0.1.0"
dependencies = [
 "libc",
]

[[package]]
name = "xor-packer"
version = "0.1.0"
